// !$*UTF8*$!
{
	archiveVersion = 1;
	classes = {
	};
	objectVersion = 56;
	objects = {

/* Begin PBXBuildFile section */
		CC851C8F2A49570A00947B78 /* RealityKitContent in Frameworks */ = {isa = PBXBuildFile; productRef = CC851C8E2A49570A00947B78 /* RealityKitContent */; };
		CC851C912A49570A00947B78 /* museum_appApp.swift in Sources */ = {isa = PBXBuildFile; fileRef = CC851C902A49570A00947B78 /* museum_appApp.swift */; };
		CC851C932A49570A00947B78 /* ContentView.swift in Sources */ = {isa = PBXBuildFile; fileRef = CC851C922A49570A00947B78 /* ContentView.swift */; };
		CC851C952A49570A00947B78 /* ImmersiveView.swift in Sources */ = {isa = PBXBuildFile; fileRef = CC851C942A49570A00947B78 /* ImmersiveView.swift */; };
		CC851C972A49570B00947B78 /* Assets.xcassets in Resources */ = {isa = PBXBuildFile; fileRef = CC851C962A49570B00947B78 /* Assets.xcassets */; };
		CC851C9A2A49570B00947B78 /* Preview Assets.xcassets in Resources */ = {isa = PBXBuildFile; fileRef = CC851C992A49570B00947B78 /* Preview Assets.xcassets */; };
		CC851CA22A49573100947B78 /* Pottery.usdz in Resources */ = {isa = PBXBuildFile; fileRef = CC851CA12A49573100947B78 /* Pottery.usdz */; };
		CC851CA42A49573700947B78 /* Statue.usdz in Resources */ = {isa = PBXBuildFile; fileRef = CC851CA32A49573700947B78 /* Statue.usdz */; };
/* End PBXBuildFile section */

/* Begin PBXFileReference section */
		CC851C892A49570A00947B78 /* museum-app.app */ = {isa = PBXFileReference; explicitFileType = wrapper.application; includeInIndex = 0; path = "museum-app.app"; sourceTree = BUILT_PRODUCTS_DIR; };
		CC851C8D2A49570A00947B78 /* RealityKitContent */ = {isa = PBXFileReference; lastKnownFileType = wrapper; path = RealityKitContent; sourceTree = "<group>"; };
		CC851C902A49570A00947B78 /* museum_appApp.swift */ = {isa = PBXFileReference; lastKnownFileType = sourcecode.swift; path = museum_appApp.swift; sourceTree = "<group>"; };
		CC851C922A49570A00947B78 /* ContentView.swift */ = {isa = PBXFileReference; lastKnownFileType = sourcecode.swift; path = ContentView.swift; sourceTree = "<group>"; };
		CC851C942A49570A00947B78 /* ImmersiveView.swift */ = {isa = PBXFileReference; lastKnownFileType = sourcecode.swift; path = ImmersiveView.swift; sourceTree = "<group>"; };
		CC851C962A49570B00947B78 /* Assets.xcassets */ = {isa = PBXFileReference; lastKnownFileType = folder.assetcatalog; path = Assets.xcassets; sourceTree = "<group>"; };
		CC851C992A49570B00947B78 /* Preview Assets.xcassets */ = {isa = PBXFileReference; lastKnownFileType = folder.assetcatalog; path = "Preview Assets.xcassets"; sourceTree = "<group>"; };
		CC851CA12A49573100947B78 /* Pottery.usdz */ = {isa = PBXFileReference; lastKnownFileType = file.usdz; path = Pottery.usdz; sourceTree = "<group>"; };
		CC851CA32A49573700947B78 /* Statue.usdz */ = {isa = PBXFileReference; lastKnownFileType = file.usdz; path = Statue.usdz; sourceTree = "<group>"; };
/* End PBXFileReference section */

/* Begin PBXFrameworksBuildPhase section */
		CC851C862A49570A00947B78 /* Frameworks */ = {
			isa = PBXFrameworksBuildPhase;
			buildActionMask = 2147483647;
			files = (
				CC851C8F2A49570A00947B78 /* RealityKitContent in Frameworks */,
			);
			runOnlyForDeploymentPostprocessing = 0;
		};
/* End PBXFrameworksBuildPhase section */

/* Begin PBXGroup section */
		CC851C802A49570A00947B78 = {
			isa = PBXGroup;
			children = (
				CC851C8B2A49570A00947B78 /* museum-app */,
				CC851C8C2A49570A00947B78 /* Packages */,
				CC851C8A2A49570A00947B78 /* Products */,
			);
			sourceTree = "<group>";
		};
		CC851C8A2A49570A00947B78 /* Products */ = {
			isa = PBXGroup;
			children = (
				CC851C892A49570A00947B78 /* museum-app.app */,
			);
			name = Products;
			sourceTree = "<group>";
		};
		CC851C8B2A49570A00947B78 /* museum-app */ = {
			isa = PBXGroup;
			children = (
				CC851CA02A49571300947B78 /* Models */,
				CC851C902A49570A00947B78 /* museum_appApp.swift */,
				CC851C922A49570A00947B78 /* ContentView.swift */,
				CC851C942A49570A00947B78 /* ImmersiveView.swift */,
				CC851C962A49570B00947B78 /* Assets.xcassets */,
				CC851C982A49570B00947B78 /* Preview Content */,
			);
			path = "museum-app";
			sourceTree = "<group>";
		};
		CC851C8C2A49570A00947B78 /* Packages */ = {
			isa = PBXGroup;
			children = (
				CC851C8D2A49570A00947B78 /* RealityKitContent */,
			);
			path = Packages;
			sourceTree = "<group>";
		};
		CC851C982A49570B00947B78 /* Preview Content */ = {
			isa = PBXGroup;
			children = (
				CC851C992A49570B00947B78 /* Preview Assets.xcassets */,
			);
			path = "Preview Content";
			sourceTree = "<group>";
		};
		CC851CA02A49571300947B78 /* Models */ = {
			isa = PBXGroup;
			children = (
				CC851CA32A49573700947B78 /* Statue.usdz */,
				CC851CA12A49573100947B78 /* Pottery.usdz */,
			);
			path = Models;
			sourceTree = "<group>";
		};
/* End PBXGroup section */

/* Begin PBXNativeTarget section */
		CC851C882A49570A00947B78 /* museum-app */ = {
			isa = PBXNativeTarget;
			buildConfigurationList = CC851C9D2A49570B00947B78 /* Build configuration list for PBXNativeTarget "museum-app" */;
			buildPhases = (
				CC851C852A49570A00947B78 /* Sources */,
				CC851C862A49570A00947B78 /* Frameworks */,
				CC851C872A49570A00947B78 /* Resources */,
			);
			buildRules = (
			);
			dependencies = (
			);
			name = "museum-app";
			packageProductDependencies = (
				CC851C8E2A49570A00947B78 /* RealityKitContent */,
			);
			productName = "museum-app";
			productReference = CC851C892A49570A00947B78 /* museum-app.app */;
			productType = "com.apple.product-type.application";
		};
/* End PBXNativeTarget section */

/* Begin PBXProject section */
		CC851C812A49570A00947B78 /* Project object */ = {
			isa = PBXProject;
			attributes = {
				BuildIndependentTargetsInParallel = 1;
				LastSwiftUpdateCheck = 1500;
				LastUpgradeCheck = 1500;
				TargetAttributes = {
					CC851C882A49570A00947B78 = {
						CreatedOnToolsVersion = 15.0;
					};
				};
			};
			buildConfigurationList = CC851C842A49570A00947B78 /* Build configuration list for PBXProject "museum-app" */;
			compatibilityVersion = "Xcode 14.0";
			developmentRegion = en;
			hasScannedForEncodings = 0;
			knownRegions = (
				en,
				Base,
			);
			mainGroup = CC851C802A49570A00947B78;
			productRefGroup = CC851C8A2A49570A00947B78 /* Products */;
			projectDirPath = "";
			projectRoot = "";
			targets = (
				CC851C882A49570A00947B78 /* museum-app */,
			);
		};
/* End PBXProject section */

/* Begin PBXResourcesBuildPhase section */
		CC851C872A49570A00947B78 /* Resources */ = {
			isa = PBXResourcesBuildPhase;
			buildActionMask = 2147483647;
			files = (
				CC851C9A2A49570B00947B78 /* Preview Assets.xcassets in Resources */,
				CC851CA42A49573700947B78 /* Statue.usdz in Resources */,
				CC851CA22A49573100947B78 /* Pottery.usdz in Resources */,
				CC851C972A49570B00947B78 /* Assets.xcassets in Resources */,
			);
			runOnlyForDeploymentPostprocessing = 0;
		};
/* End PBXResourcesBuildPhase section */

/* Begin PBXSourcesBuildPhase section */
		CC851C852A49570A00947B78 /* Sources */ = {
			isa = PBXSourcesBuildPhase;
			buildActionMask = 2147483647;
			files = (
				CC851C932A49570A00947B78 /* ContentView.swift in Sources */,
				CC851C912A49570A00947B78 /* museum_appApp.swift in Sources */,
				CC851C952A49570A00947B78 /* ImmersiveView.swift in Sources */,
			);
			runOnlyForDeploymentPostprocessing = 0;
		};
/* End PBXSourcesBuildPhase section */

/* Begin XCBuildConfiguration section */
		CC851C9B2A49570B00947B78 /* Debug */ = {
			isa = XCBuildConfiguration;
			buildSettings = {
				ALWAYS_SEARCH_USER_PATHS = NO;
				ASSETCATALOG_COMPILER_GENERATE_SWIFT_ASSET_SYMBOL_EXTENSIONS = YES;
				CLANG_ANALYZER_NONNULL = YES;
				CLANG_ANALYZER_NUMBER_OBJECT_CONVERSION = YES_AGGRESSIVE;
				CLANG_CXX_LANGUAGE_STANDARD = "gnu++20";
				CLANG_ENABLE_MODULES = YES;
				CLANG_ENABLE_OBJC_ARC = YES;
				CLANG_ENABLE_OBJC_WEAK = YES;
				CLANG_WARN_BLOCK_CAPTURE_AUTORELEASING = YES;
				CLANG_WARN_BOOL_CONVERSION = YES;
				CLANG_WARN_COMMA = YES;
				CLANG_WARN_CONSTANT_CONVERSION = YES;
				CLANG_WARN_DEPRECATED_OBJC_IMPLEMENTATIONS = YES;
				CLANG_WARN_DIRECT_OBJC_ISA_USAGE = YES_ERROR;
				CLANG_WARN_DOCUMENTATION_COMMENTS = YES;
				CLANG_WARN_EMPTY_BODY = YES;
				CLANG_WARN_ENUM_CONVERSION = YES;
				CLANG_WARN_INFINITE_RECURSION = YES;
				CLANG_WARN_INT_CONVERSION = YES;
				CLANG_WARN_NON_LITERAL_NULL_CONVERSION = YES;
				CLANG_WARN_OBJC_IMPLICIT_RETAIN_SELF = YES;
				CLANG_WARN_OBJC_LITERAL_CONVERSION = YES;
				CLANG_WARN_OBJC_ROOT_CLASS = YES_ERROR;
				CLANG_WARN_QUOTED_INCLUDE_IN_FRAMEWORK_HEADER = YES;
				CLANG_WARN_RANGE_LOOP_ANALYSIS = YES;
				CLANG_WARN_STRICT_PROTOTYPES = YES;
				CLANG_WARN_SUSPICIOUS_MOVE = YES;
				CLANG_WARN_UNGUARDED_AVAILABILITY = YES_AGGRESSIVE;
				CLANG_WARN_UNREACHABLE_CODE = YES;
				CLANG_WARN__DUPLICATE_METHOD_MATCH = YES;
				COPY_PHASE_STRIP = NO;
				DEBUG_INFORMATION_FORMAT = dwarf;
				ENABLE_STRICT_OBJC_MSGSEND = YES;
				ENABLE_TESTABILITY = YES;
				ENABLE_USER_SCRIPT_SANDBOXING = YES;
				GCC_C_LANGUAGE_STANDARD = gnu17;
				GCC_DYNAMIC_NO_PIC = NO;
				GCC_NO_COMMON_BLOCKS = YES;
				GCC_OPTIMIZATION_LEVEL = 0;
				GCC_PREPROCESSOR_DEFINITIONS = (
					"DEBUG=1",
					"$(inherited)",
				);
				GCC_WARN_64_TO_32_BIT_CONVERSION = YES;
				GCC_WARN_ABOUT_RETURN_TYPE = YES_ERROR;
				GCC_WARN_UNDECLARED_SELECTOR = YES;
				GCC_WARN_UNINITIALIZED_AUTOS = YES_AGGRESSIVE;
				GCC_WARN_UNUSED_FUNCTION = YES;
				GCC_WARN_UNUSED_VARIABLE = YES;
				LOCALIZATION_PREFERS_STRING_CATALOGS = YES;
				MTL_ENABLE_DEBUG_INFO = INCLUDE_SOURCE;
				MTL_FAST_MATH = YES;
				ONLY_ACTIVE_ARCH = YES;
				SDKROOT = xros;
				SWIFT_ACTIVE_COMPILATION_CONDITIONS = "DEBUG $(inherited)";
				SWIFT_OPTIMIZATION_LEVEL = "-Onone";
				XROS_DEPLOYMENT_TARGET = 1.0;
			};
			name = Debug;
		};
		CC851C9C2A49570B00947B78 /* Release */ = {
			isa = XCBuildConfiguration;
			buildSettings = {
				ALWAYS_SEARCH_USER_PATHS = NO;
				ASSETCATALOG_COMPILER_GENERATE_SWIFT_ASSET_SYMBOL_EXTENSIONS = YES;
				CLANG_ANALYZER_NONNULL = YES;
				CLANG_ANALYZER_NUMBER_OBJECT_CONVERSION = YES_AGGRESSIVE;
				CLANG_CXX_LANGUAGE_STANDARD = "gnu++20";
				CLANG_ENABLE_MODULES = YES;
				CLANG_ENABLE_OBJC_ARC = YES;
				CLANG_ENABLE_OBJC_WEAK = YES;
				CLANG_WARN_BLOCK_CAPTURE_AUTORELEASING = YES;
				CLANG_WARN_BOOL_CONVERSION = YES;
				CLANG_WARN_COMMA = YES;
				CLANG_WARN_CONSTANT_CONVERSION = YES;
				CLANG_WARN_DEPRECATED_OBJC_IMPLEMENTATIONS = YES;
				CLANG_WARN_DIRECT_OBJC_ISA_USAGE = YES_ERROR;
				CLANG_WARN_DOCUMENTATION_COMMENTS = YES;
				CLANG_WARN_EMPTY_BODY = YES;
				CLANG_WARN_ENUM_CONVERSION = YES;
				CLANG_WARN_INFINITE_RECURSION = YES;
				CLANG_WARN_INT_CONVERSION = YES;
				CLANG_WARN_NON_LITERAL_NULL_CONVERSION = YES;
				CLANG_WARN_OBJC_IMPLICIT_RETAIN_SELF = YES;
				CLANG_WARN_OBJC_LITERAL_CONVERSION = YES;
				CLANG_WARN_OBJC_ROOT_CLASS = YES_ERROR;
				CLANG_WARN_QUOTED_INCLUDE_IN_FRAMEWORK_HEADER = YES;
				CLANG_WARN_RANGE_LOOP_ANALYSIS = YES;
				CLANG_WARN_STRICT_PROTOTYPES = YES;
				CLANG_WARN_SUSPICIOUS_MOVE = YES;
				CLANG_WARN_UNGUARDED_AVAILABILITY = YES_AGGRESSIVE;
				CLANG_WARN_UNREACHABLE_CODE = YES;
				CLANG_WARN__DUPLICATE_METHOD_MATCH = YES;
				COPY_PHASE_STRIP = NO;
				DEBUG_INFORMATION_FORMAT = "dwarf-with-dsym";
				ENABLE_NS_ASSERTIONS = NO;
				ENABLE_STRICT_OBJC_MSGSEND = YES;
				ENABLE_USER_SCRIPT_SANDBOXING = YES;
				GCC_C_LANGUAGE_STANDARD = gnu17;
				GCC_NO_COMMON_BLOCKS = YES;
				GCC_WARN_64_TO_32_BIT_CONVERSION = YES;
				GCC_WARN_ABOUT_RETURN_TYPE = YES_ERROR;
				GCC_WARN_UNDECLARED_SELECTOR = YES;
				GCC_WARN_UNINITIALIZED_AUTOS = YES_AGGRESSIVE;
				GCC_WARN_UNUSED_FUNCTION = YES;
				GCC_WARN_UNUSED_VARIABLE = YES;
				LOCALIZATION_PREFERS_STRING_CATALOGS = YES;
				MTL_ENABLE_DEBUG_INFO = NO;
				MTL_FAST_MATH = YES;
				SDKROOT = xros;
				SWIFT_COMPILATION_MODE = wholemodule;
				VALIDATE_PRODUCT = YES;
				XROS_DEPLOYMENT_TARGET = 1.0;
			};
			name = Release;
		};
		CC851C9E2A49570B00947B78 /* Debug */ = {
			isa = XCBuildConfiguration;
			buildSettings = {
				ASSETCATALOG_COMPILER_APPICON_NAME = AppIcon;
				ASSETCATALOG_COMPILER_GLOBAL_ACCENT_COLOR_NAME = AccentColor;
				CODE_SIGN_STYLE = Automatic;
				CURRENT_PROJECT_VERSION = 1;
				DEVELOPMENT_ASSET_PATHS = "\"museum-app/Preview Content\"";
				DEVELOPMENT_TEAM = CC3V9KGVJ5;
				ENABLE_PREVIEWS = YES;
				GENERATE_INFOPLIST_FILE = YES;
				INFOPLIST_KEY_UIApplicationSceneManifest_Generation = YES;
				LD_RUNPATH_SEARCH_PATHS = (
					"$(inherited)",
					"@executable_path/Frameworks",
				);
				MARKETING_VERSION = 1.0;
				PRODUCT_BUNDLE_IDENTIFIER = "cordova.museum-app";
				PRODUCT_NAME = "$(TARGET_NAME)";
				SUPPORTED_PLATFORMS = "xros xrsimulator";
				SWIFT_EMIT_LOC_STRINGS = YES;
				SWIFT_VERSION = 5.0;
				TARGETED_DEVICE_FAMILY = "1,2,7";
			};
			name = Debug;
		};
		CC851C9F2A49570B00947B78 /* Release */ = {
			isa = XCBuildConfiguration;
			buildSettings = {
				ASSETCATALOG_COMPILER_APPICON_NAME = AppIcon;
				ASSETCATALOG_COMPILER_GLOBAL_ACCENT_COLOR_NAME = AccentColor;
				CODE_SIGN_STYLE = Automatic;
				CURRENT_PROJECT_VERSION = 1;
				DEVELOPMENT_ASSET_PATHS = "\"museum-app/Preview Content\"";
				DEVELOPMENT_TEAM = CC3V9KGVJ5;
				ENABLE_PREVIEWS = YES;
				GENERATE_INFOPLIST_FILE = YES;
				INFOPLIST_KEY_UIApplicationSceneManifest_Generation = YES;
				LD_RUNPATH_SEARCH_PATHS = (
					"$(inherited)",
					"@executable_path/Frameworks",
				);
				MARKETING_VERSION = 1.0;
				PRODUCT_BUNDLE_IDENTIFIER = "cordova.museum-app";
				PRODUCT_NAME = "$(TARGET_NAME)";
				SUPPORTED_PLATFORMS = "xros xrsimulator";
				SWIFT_EMIT_LOC_STRINGS = YES;
				SWIFT_VERSION = 5.0;
				TARGETED_DEVICE_FAMILY = "1,2,7";
			};
			name = Release;
		};
/* End XCBuildConfiguration section */

/* Begin XCConfigurationList section */
		CC851C842A49570A00947B78 /* Build configuration list for PBXProject "museum-app" */ = {
			isa = XCConfigurationList;
			buildConfigurations = (
				CC851C9B2A49570B00947B78 /* Debug */,
				CC851C9C2A49570B00947B78 /* Release */,
			);
			defaultConfigurationIsVisible = 0;
			defaultConfigurationName = Release;
		};
		CC851C9D2A49570B00947B78 /* Build configuration list for PBXNativeTarget "museum-app" */ = {
			isa = XCConfigurationList;
			buildConfigurations = (
				CC851C9E2A49570B00947B78 /* Debug */,
				CC851C9F2A49570B00947B78 /* Release */,
			);
			defaultConfigurationIsVisible = 0;
			defaultConfigurationName = Release;
		};
/* End XCConfigurationList section */

/* Begin XCSwiftPackageProductDependency section */
		CC851C8E2A49570A00947B78 /* RealityKitContent */ = {
			isa = XCSwiftPackageProductDependency;
			productName = RealityKitContent;
		};
/* End XCSwiftPackageProductDependency section */
	};
	rootObject = CC851C812A49570A00947B78 /* Project object */;
}
